Microsoft Visual Studio Solution File, Format Version 12.00
# Copyright 2020 Energinet DataHub A/S
#
# Licensed under the Apache License, Version 2.0 (the "License2");
# you may not use this file except in compliance with the License.
# You may obtain a copy of the License at
#
#     http://www.apache.org/licenses/LICENSE-2.0
#
# Unless required by applicable law or agreed to in writing, software
# distributed under the License is distributed on an "AS IS" BASIS,
# WITHOUT WARRANTIES OR CONDITIONS OF ANY KIND, either express or implied.
# See the License for the specific language governing permissions and
# limitations under the License.
#
Project("{FAE04EC0-301F-11D3-BF4B-00C04F79EFBC}") = "Energinet.DataHub.MeteringPoints.EntryPoints.Ingestion", "Energinet.DataHub.MeteringPoints.EntryPoints.Ingestion\Energinet.DataHub.MeteringPoints.EntryPoints.Ingestion.csproj", "{60445A7E-EB19-4AA2-88BD-663D89F8BC4E}"
EndProject
Project("{FAE04EC0-301F-11D3-BF4B-00C04F79EFBC}") = "Energinet.DataHub.MeteringPoints.Application", "Energinet.DataHub.MeteringPoints.Application\Energinet.DataHub.MeteringPoints.Application.csproj", "{84D753D3-9EB9-4271-A59B-EDF02762BDEE}"
EndProject
Project("{FAE04EC0-301F-11D3-BF4B-00C04F79EFBC}") = "Energinet.DataHub.MeteringPoints.Domain", "Energinet.DataHub.MeteringPoints.Domain\Energinet.DataHub.MeteringPoints.Domain.csproj", "{D7233786-C557-4A8F-AEAC-C2CB64053F43}"
EndProject
Project("{FAE04EC0-301F-11D3-BF4B-00C04F79EFBC}") = "Energinet.DataHub.MeteringPoints.Infrastructure", "Energinet.DataHub.MeteringPoints.Infrastructure\Energinet.DataHub.MeteringPoints.Infrastructure.csproj", "{6525F5BF-B10A-434B-A5F5-DA72C2FF1AB1}"
EndProject
Project("{2150E333-8FDC-42A3-9474-1A3956D46DE8}") = "Tests", "Tests", "{251113C8-9673-45D2-AFA6-2D53AF6E8756}"
EndProject
Project("{FAE04EC0-301F-11D3-BF4B-00C04F79EFBC}") = "Energinet.DataHub.MeteringPoints.IntegrationTests", "Energinet.DataHub.MeteringPoints.IntegrationTests\Energinet.DataHub.MeteringPoints.IntegrationTests.csproj", "{9E85728F-B8F0-49EE-AAC6-922AD394CFBA}"
EndProject
Project("{FAE04EC0-301F-11D3-BF4B-00C04F79EFBC}") = "Energinet.DataHub.MeteringPoints.Tests", "Energinet.DataHub.MeteringPoints.Tests\Energinet.DataHub.MeteringPoints.Tests.csproj", "{18ED8314-929C-4466-980D-92546BF30E70}"
EndProject
Project("{FAE04EC0-301F-11D3-BF4B-00C04F79EFBC}") = "Energinet.DataHub.MeteringPoints.EntryPoints.Processing", "Energinet.DataHub.MeteringPoints.EntryPoints.Processing\Energinet.DataHub.MeteringPoints.EntryPoints.Processing.csproj", "{FC5B53CC-AFFD-4B5E-9CF5-4E23510A5791}"
EndProject
Project("{FAE04EC0-301F-11D3-BF4B-00C04F79EFBC}") = "Energinet.DataHub.MeteringPoints.EntryPoints.Outbox", "Energinet.DataHub.MeteringPoints.EntryPoints.Outbox\Energinet.DataHub.MeteringPoints.EntryPoints.Outbox.csproj", "{5FF039DF-D923-4C6D-84CB-AA615B62532E}"
EndProject
Project("{2150E333-8FDC-42A3-9474-1A3956D46DE8}") = "EntryPoints", "EntryPoints", "{698CCD74-174C-493E-BDC4-69A0E3EA3F82}"
EndProject
Project("{FAE04EC0-301F-11D3-BF4B-00C04F79EFBC}") = "Energinet.DataHub.MeteringPoints.EntryPoints.Common", "Energinet.DataHub.MeteringPoints.EntryPoints.Common\Energinet.DataHub.MeteringPoints.EntryPoints.Common.csproj", "{4C501166-76F4-4A6F-A4DF-07CC4B41BE2E}"
EndProject
Project("{FAE04EC0-301F-11D3-BF4B-00C04F79EFBC}") = "Energinet.DataHub.MeteringPoints.ApplyDBMigrationsApp", "Energinet.DataHub.MeteringPoints.ApplyDBMigrationsApp\Energinet.DataHub.MeteringPoints.ApplyDBMigrationsApp.csproj", "{9028F8A2-D06C-42AC-9085-EC51061D57AB}"
EndProject
Project("{FAE04EC0-301F-11D3-BF4B-00C04F79EFBC}") = "Energinet.DataHub.MeteringPoints.Benchmarks", "Energinet.DataHub.MeteringPoints.Benchmarks\Energinet.DataHub.MeteringPoints.Benchmarks.csproj", "{59EA4350-50A9-4091-A7DB-281E9498A286}"
EndProject
Project("{FAE04EC0-301F-11D3-BF4B-00C04F79EFBC}") = "Energinet.DataHub.MeteringPoints.EntryPoints.InternalCommandDispatcher", "Energinet.DataHub.MeteringPoints.EntryPoints.InternalCommandDispatcher\Energinet.DataHub.MeteringPoints.EntryPoints.InternalCommandDispatcher.csproj", "{00AD3FF1-2571-4D5C-9BFC-1BC927AE7911}"
EndProject
Project("{FAE04EC0-301F-11D3-BF4B-00C04F79EFBC}") = "Energinet.DataHub.MeteringPoints.Events", "Energinet.DataHub.MeteringPoints.Events\Energinet.DataHub.MeteringPoints.Events.csproj", "{1704EEDE-B279-4A48-A6D6-C56DFFF4E5FE}"
EndProject
Global
	GlobalSection(SolutionConfigurationPlatforms) = preSolution
		Debug|Any CPU = Debug|Any CPU
		Release|Any CPU = Release|Any CPU
	EndGlobalSection
	GlobalSection(ProjectConfigurationPlatforms) = postSolution
		{60445A7E-EB19-4AA2-88BD-663D89F8BC4E}.Debug|Any CPU.ActiveCfg = Debug|Any CPU
		{60445A7E-EB19-4AA2-88BD-663D89F8BC4E}.Debug|Any CPU.Build.0 = Debug|Any CPU
		{60445A7E-EB19-4AA2-88BD-663D89F8BC4E}.Release|Any CPU.ActiveCfg = Release|Any CPU
		{60445A7E-EB19-4AA2-88BD-663D89F8BC4E}.Release|Any CPU.Build.0 = Release|Any CPU
		{84D753D3-9EB9-4271-A59B-EDF02762BDEE}.Debug|Any CPU.ActiveCfg = Debug|Any CPU
		{84D753D3-9EB9-4271-A59B-EDF02762BDEE}.Debug|Any CPU.Build.0 = Debug|Any CPU
		{84D753D3-9EB9-4271-A59B-EDF02762BDEE}.Release|Any CPU.ActiveCfg = Release|Any CPU
		{84D753D3-9EB9-4271-A59B-EDF02762BDEE}.Release|Any CPU.Build.0 = Release|Any CPU
		{D7233786-C557-4A8F-AEAC-C2CB64053F43}.Debug|Any CPU.ActiveCfg = Debug|Any CPU
		{D7233786-C557-4A8F-AEAC-C2CB64053F43}.Debug|Any CPU.Build.0 = Debug|Any CPU
		{D7233786-C557-4A8F-AEAC-C2CB64053F43}.Release|Any CPU.ActiveCfg = Release|Any CPU
		{D7233786-C557-4A8F-AEAC-C2CB64053F43}.Release|Any CPU.Build.0 = Release|Any CPU
		{6525F5BF-B10A-434B-A5F5-DA72C2FF1AB1}.Debug|Any CPU.ActiveCfg = Debug|Any CPU
		{6525F5BF-B10A-434B-A5F5-DA72C2FF1AB1}.Debug|Any CPU.Build.0 = Debug|Any CPU
		{6525F5BF-B10A-434B-A5F5-DA72C2FF1AB1}.Release|Any CPU.ActiveCfg = Release|Any CPU
		{6525F5BF-B10A-434B-A5F5-DA72C2FF1AB1}.Release|Any CPU.Build.0 = Release|Any CPU
		{9E85728F-B8F0-49EE-AAC6-922AD394CFBA}.Debug|Any CPU.ActiveCfg = Debug|Any CPU
		{9E85728F-B8F0-49EE-AAC6-922AD394CFBA}.Debug|Any CPU.Build.0 = Debug|Any CPU
		{9E85728F-B8F0-49EE-AAC6-922AD394CFBA}.Release|Any CPU.ActiveCfg = Release|Any CPU
		{9E85728F-B8F0-49EE-AAC6-922AD394CFBA}.Release|Any CPU.Build.0 = Release|Any CPU
		{18ED8314-929C-4466-980D-92546BF30E70}.Debug|Any CPU.ActiveCfg = Debug|Any CPU
		{18ED8314-929C-4466-980D-92546BF30E70}.Debug|Any CPU.Build.0 = Debug|Any CPU
		{18ED8314-929C-4466-980D-92546BF30E70}.Release|Any CPU.ActiveCfg = Release|Any CPU
		{18ED8314-929C-4466-980D-92546BF30E70}.Release|Any CPU.Build.0 = Release|Any CPU
		{FC5B53CC-AFFD-4B5E-9CF5-4E23510A5791}.Debug|Any CPU.ActiveCfg = Debug|Any CPU
		{FC5B53CC-AFFD-4B5E-9CF5-4E23510A5791}.Debug|Any CPU.Build.0 = Debug|Any CPU
		{FC5B53CC-AFFD-4B5E-9CF5-4E23510A5791}.Release|Any CPU.ActiveCfg = Release|Any CPU
		{FC5B53CC-AFFD-4B5E-9CF5-4E23510A5791}.Release|Any CPU.Build.0 = Release|Any CPU
		{5FF039DF-D923-4C6D-84CB-AA615B62532E}.Debug|Any CPU.ActiveCfg = Debug|Any CPU
		{5FF039DF-D923-4C6D-84CB-AA615B62532E}.Debug|Any CPU.Build.0 = Debug|Any CPU
		{5FF039DF-D923-4C6D-84CB-AA615B62532E}.Release|Any CPU.ActiveCfg = Release|Any CPU
		{5FF039DF-D923-4C6D-84CB-AA615B62532E}.Release|Any CPU.Build.0 = Release|Any CPU
		{4C501166-76F4-4A6F-A4DF-07CC4B41BE2E}.Debug|Any CPU.ActiveCfg = Debug|Any CPU
		{4C501166-76F4-4A6F-A4DF-07CC4B41BE2E}.Debug|Any CPU.Build.0 = Debug|Any CPU
		{4C501166-76F4-4A6F-A4DF-07CC4B41BE2E}.Release|Any CPU.ActiveCfg = Release|Any CPU
		{4C501166-76F4-4A6F-A4DF-07CC4B41BE2E}.Release|Any CPU.Build.0 = Release|Any CPU
		{9028F8A2-D06C-42AC-9085-EC51061D57AB}.Debug|Any CPU.ActiveCfg = Debug|Any CPU
		{9028F8A2-D06C-42AC-9085-EC51061D57AB}.Debug|Any CPU.Build.0 = Debug|Any CPU
		{9028F8A2-D06C-42AC-9085-EC51061D57AB}.Release|Any CPU.ActiveCfg = Release|Any CPU
		{9028F8A2-D06C-42AC-9085-EC51061D57AB}.Release|Any CPU.Build.0 = Release|Any CPU
		{59EA4350-50A9-4091-A7DB-281E9498A286}.Debug|Any CPU.ActiveCfg = Debug|Any CPU
		{59EA4350-50A9-4091-A7DB-281E9498A286}.Debug|Any CPU.Build.0 = Debug|Any CPU
		{59EA4350-50A9-4091-A7DB-281E9498A286}.Release|Any CPU.ActiveCfg = Release|Any CPU
		{59EA4350-50A9-4091-A7DB-281E9498A286}.Release|Any CPU.Build.0 = Release|Any CPU
		{00AD3FF1-2571-4D5C-9BFC-1BC927AE7911}.Debug|Any CPU.ActiveCfg = Debug|Any CPU
		{00AD3FF1-2571-4D5C-9BFC-1BC927AE7911}.Debug|Any CPU.Build.0 = Debug|Any CPU
		{00AD3FF1-2571-4D5C-9BFC-1BC927AE7911}.Release|Any CPU.ActiveCfg = Release|Any CPU
		{00AD3FF1-2571-4D5C-9BFC-1BC927AE7911}.Release|Any CPU.Build.0 = Release|Any CPU
		{1704EEDE-B279-4A48-A6D6-C56DFFF4E5FE}.Debug|Any CPU.ActiveCfg = Debug|Any CPU
		{1704EEDE-B279-4A48-A6D6-C56DFFF4E5FE}.Debug|Any CPU.Build.0 = Debug|Any CPU
		{1704EEDE-B279-4A48-A6D6-C56DFFF4E5FE}.Release|Any CPU.ActiveCfg = Release|Any CPU
		{1704EEDE-B279-4A48-A6D6-C56DFFF4E5FE}.Release|Any CPU.Build.0 = Release|Any CPU
	EndGlobalSection
	GlobalSection(NestedProjects) = preSolution
		{9E85728F-B8F0-49EE-AAC6-922AD394CFBA} = {251113C8-9673-45D2-AFA6-2D53AF6E8756}
		{18ED8314-929C-4466-980D-92546BF30E70} = {251113C8-9673-45D2-AFA6-2D53AF6E8756}
		{60445A7E-EB19-4AA2-88BD-663D89F8BC4E} = {698CCD74-174C-493E-BDC4-69A0E3EA3F82}
		{5FF039DF-D923-4C6D-84CB-AA615B62532E} = {698CCD74-174C-493E-BDC4-69A0E3EA3F82}
		{FC5B53CC-AFFD-4B5E-9CF5-4E23510A5791} = {698CCD74-174C-493E-BDC4-69A0E3EA3F82}
		{4C501166-76F4-4A6F-A4DF-07CC4B41BE2E} = {698CCD74-174C-493E-BDC4-69A0E3EA3F82}
		{59EA4350-50A9-4091-A7DB-281E9498A286} = {251113C8-9673-45D2-AFA6-2D53AF6E8756}
		{00AD3FF1-2571-4D5C-9BFC-1BC927AE7911} = {698CCD74-174C-493E-BDC4-69A0E3EA3F82}
	EndGlobalSection
EndGlobal
